// !$*UTF8*$!
{
	archiveVersion = 1;
	classes = {
	};
	objectVersion = 56;
	objects = {

/* Begin PBXBuildFile section */
		26F99A972A24D6D100F0AF8F /* AppDelegate.swift in Sources */ = {isa = PBXBuildFile; fileRef = 26F99A962A24D6D100F0AF8F /* AppDelegate.swift */; };
		26F99A992A24D6D100F0AF8F /* SceneDelegate.swift in Sources */ = {isa = PBXBuildFile; fileRef = 26F99A982A24D6D100F0AF8F /* SceneDelegate.swift */; };
		26F99A9B2A24D6D100F0AF8F /* ViewController.swift in Sources */ = {isa = PBXBuildFile; fileRef = 26F99A9A2A24D6D100F0AF8F /* ViewController.swift */; };
		26F99A9E2A24D6D100F0AF8F /* Main.storyboard in Resources */ = {isa = PBXBuildFile; fileRef = 26F99A9C2A24D6D100F0AF8F /* Main.storyboard */; };
		26F99AA02A24D6D200F0AF8F /* Assets.xcassets in Resources */ = {isa = PBXBuildFile; fileRef = 26F99A9F2A24D6D200F0AF8F /* Assets.xcassets */; };
		26F99AA32A24D6D200F0AF8F /* LaunchScreen.storyboard in Resources */ = {isa = PBXBuildFile; fileRef = 26F99AA12A24D6D200F0AF8F /* LaunchScreen.storyboard */; };
		26F99AAE2A24D6D300F0AF8F /* KiemtraTests.swift in Sources */ = {isa = PBXBuildFile; fileRef = 26F99AAD2A24D6D300F0AF8F /* KiemtraTests.swift */; };
		26F99AB82A24D6D300F0AF8F /* KiemtraUITests.swift in Sources */ = {isa = PBXBuildFile; fileRef = 26F99AB72A24D6D300F0AF8F /* KiemtraUITests.swift */; };
		26F99ABA2A24D6D300F0AF8F /* KiemtraUITestsLaunchTests.swift in Sources */ = {isa = PBXBuildFile; fileRef = 26F99AB92A24D6D300F0AF8F /* KiemtraUITestsLaunchTests.swift */; };
		26F99AC72A24E18E00F0AF8F /* KeoBuaBaoViewController.swift in Sources */ = {isa = PBXBuildFile; fileRef = 26F99AC62A24E18E00F0AF8F /* KeoBuaBaoViewController.swift */; };
/* End PBXBuildFile section */

/* Begin PBXContainerItemProxy section */
		26F99AAA2A24D6D300F0AF8F /* PBXContainerItemProxy */ = {
			isa = PBXContainerItemProxy;
			containerPortal = 26F99A8B2A24D6D100F0AF8F /* Project object */;
			proxyType = 1;
			remoteGlobalIDString = 26F99A922A24D6D100F0AF8F;
			remoteInfo = Kiemtra;
		};
		26F99AB42A24D6D300F0AF8F /* PBXContainerItemProxy */ = {
			isa = PBXContainerItemProxy;
			containerPortal = 26F99A8B2A24D6D100F0AF8F /* Project object */;
			proxyType = 1;
			remoteGlobalIDString = 26F99A922A24D6D100F0AF8F;
			remoteInfo = Kiemtra;
		};
/* End PBXContainerItemProxy section */

/* Begin PBXFileReference section */
		26F99A932A24D6D100F0AF8F /* Kiemtra.app */ = {isa = PBXFileReference; explicitFileType = wrapper.application; includeInIndex = 0; path = Kiemtra.app; sourceTree = BUILT_PRODUCTS_DIR; };
		26F99A962A24D6D100F0AF8F /* AppDelegate.swift */ = {isa = PBXFileReference; lastKnownFileType = sourcecode.swift; path = AppDelegate.swift; sourceTree = "<group>"; };
		26F99A982A24D6D100F0AF8F /* SceneDelegate.swift */ = {isa = PBXFileReference; lastKnownFileType = sourcecode.swift; path = SceneDelegate.swift; sourceTree = "<group>"; };
		26F99A9A2A24D6D100F0AF8F /* ViewController.swift */ = {isa = PBXFileReference; lastKnownFileType = sourcecode.swift; path = ViewController.swift; sourceTree = "<group>"; };
		26F99A9D2A24D6D100F0AF8F /* Base */ = {isa = PBXFileReference; lastKnownFileType = file.storyboard; name = Base; path = Base.lproj/Main.storyboard; sourceTree = "<group>"; };
		26F99A9F2A24D6D200F0AF8F /* Assets.xcassets */ = {isa = PBXFileReference; lastKnownFileType = folder.assetcatalog; path = Assets.xcassets; sourceTree = "<group>"; };
		26F99AA22A24D6D200F0AF8F /* Base */ = {isa = PBXFileReference; lastKnownFileType = file.storyboard; name = Base; path = Base.lproj/LaunchScreen.storyboard; sourceTree = "<group>"; };
		26F99AA42A24D6D200F0AF8F /* Info.plist */ = {isa = PBXFileReference; lastKnownFileType = text.plist.xml; path = Info.plist; sourceTree = "<group>"; };
		26F99AA92A24D6D300F0AF8F /* KiemtraTests.xctest */ = {isa = PBXFileReference; explicitFileType = wrapper.cfbundle; includeInIndex = 0; path = KiemtraTests.xctest; sourceTree = BUILT_PRODUCTS_DIR; };
		26F99AAD2A24D6D300F0AF8F /* KiemtraTests.swift */ = {isa = PBXFileReference; lastKnownFileType = sourcecode.swift; path = KiemtraTests.swift; sourceTree = "<group>"; };
		26F99AB32A24D6D300F0AF8F /* KiemtraUITests.xctest */ = {isa = PBXFileReference; explicitFileType = wrapper.cfbundle; includeInIndex = 0; path = KiemtraUITests.xctest; sourceTree = BUILT_PRODUCTS_DIR; };
		26F99AB72A24D6D300F0AF8F /* KiemtraUITests.swift */ = {isa = PBXFileReference; lastKnownFileType = sourcecode.swift; path = KiemtraUITests.swift; sourceTree = "<group>"; };
		26F99AB92A24D6D300F0AF8F /* KiemtraUITestsLaunchTests.swift */ = {isa = PBXFileReference; lastKnownFileType = sourcecode.swift; path = KiemtraUITestsLaunchTests.swift; sourceTree = "<group>"; };
		26F99AC62A24E18E00F0AF8F /* KeoBuaBaoViewController.swift */ = {isa = PBXFileReference; lastKnownFileType = sourcecode.swift; path = KeoBuaBaoViewController.swift; sourceTree = "<group>"; };
/* End PBXFileReference section */

/* Begin PBXFrameworksBuildPhase section */
		26F99A902A24D6D100F0AF8F /* Frameworks */ = {
			isa = PBXFrameworksBuildPhase;
			buildActionMask = 2147483647;
			files = (
			);
			runOnlyForDeploymentPostprocessing = 0;
		};
		26F99AA62A24D6D300F0AF8F /* Frameworks */ = {
			isa = PBXFrameworksBuildPhase;
			buildActionMask = 2147483647;
			files = (
			);
			runOnlyForDeploymentPostprocessing = 0;
		};
		26F99AB02A24D6D300F0AF8F /* Frameworks */ = {
			isa = PBXFrameworksBuildPhase;
			buildActionMask = 2147483647;
			files = (
			);
			runOnlyForDeploymentPostprocessing = 0;
		};
/* End PBXFrameworksBuildPhase section */

/* Begin PBXGroup section */
		26F99A8A2A24D6D100F0AF8F = {
			isa = PBXGroup;
			children = (
				26F99A952A24D6D100F0AF8F /* Kiemtra */,
				26F99AAC2A24D6D300F0AF8F /* KiemtraTests */,
				26F99AB62A24D6D300F0AF8F /* KiemtraUITests */,
				26F99A942A24D6D100F0AF8F /* Products */,
			);
			sourceTree = "<group>";
		};
		26F99A942A24D6D100F0AF8F /* Products */ = {
			isa = PBXGroup;
			children = (
				26F99A932A24D6D100F0AF8F /* Kiemtra.app */,
				26F99AA92A24D6D300F0AF8F /* KiemtraTests.xctest */,
				26F99AB32A24D6D300F0AF8F /* KiemtraUITests.xctest */,
			);
			name = Products;
			sourceTree = "<group>";
		};
		26F99A952A24D6D100F0AF8F /* Kiemtra */ = {
			isa = PBXGroup;
			children = (
				26F99A962A24D6D100F0AF8F /* AppDelegate.swift */,
				26F99A982A24D6D100F0AF8F /* SceneDelegate.swift */,
				26F99A9A2A24D6D100F0AF8F /* ViewController.swift */,
				26F99AC62A24E18E00F0AF8F /* KeoBuaBaoViewController.swift */,
				26F99A9C2A24D6D100F0AF8F /* Main.storyboard */,
				26F99A9F2A24D6D200F0AF8F /* Assets.xcassets */,
				26F99AA12A24D6D200F0AF8F /* LaunchScreen.storyboard */,
				26F99AA42A24D6D200F0AF8F /* Info.plist */,
			);
			path = Kiemtra;
			sourceTree = "<group>";
		};
		26F99AAC2A24D6D300F0AF8F /* KiemtraTests */ = {
			isa = PBXGroup;
			children = (
				26F99AAD2A24D6D300F0AF8F /* KiemtraTests.swift */,
			);
			path = KiemtraTests;
			sourceTree = "<group>";
		};
		26F99AB62A24D6D300F0AF8F /* KiemtraUITests */ = {
			isa = PBXGroup;
			children = (
				26F99AB72A24D6D300F0AF8F /* KiemtraUITests.swift */,
				26F99AB92A24D6D300F0AF8F /* KiemtraUITestsLaunchTests.swift */,
			);
			path = KiemtraUITests;
			sourceTree = "<group>";
		};
/* End PBXGroup section */

/* Begin PBXNativeTarget section */
		26F99A922A24D6D100F0AF8F /* Kiemtra */ = {
			isa = PBXNativeTarget;
			buildConfigurationList = 26F99ABD2A24D6D300F0AF8F /* Build configuration list for PBXNativeTarget "Kiemtra" */;
			buildPhases = (
				26F99A8F2A24D6D100F0AF8F /* Sources */,
				26F99A902A24D6D100F0AF8F /* Frameworks */,
				26F99A912A24D6D100F0AF8F /* Resources */,
			);
			buildRules = (
			);
			dependencies = (
			);
			name = Kiemtra;
			productName = Kiemtra;
			productReference = 26F99A932A24D6D100F0AF8F /* Kiemtra.app */;
			productType = "com.apple.product-type.application";
		};
		26F99AA82A24D6D300F0AF8F /* KiemtraTests */ = {
			isa = PBXNativeTarget;
			buildConfigurationList = 26F99AC02A24D6D300F0AF8F /* Build configuration list for PBXNativeTarget "KiemtraTests" */;
			buildPhases = (
				26F99AA52A24D6D300F0AF8F /* Sources */,
				26F99AA62A24D6D300F0AF8F /* Frameworks */,
				26F99AA72A24D6D300F0AF8F /* Resources */,
			);
			buildRules = (
			);
			dependencies = (
				26F99AAB2A24D6D300F0AF8F /* PBXTargetDependency */,
			);
			name = KiemtraTests;
			productName = KiemtraTests;
			productReference = 26F99AA92A24D6D300F0AF8F /* KiemtraTests.xctest */;
			productType = "com.apple.product-type.bundle.unit-test";
		};
		26F99AB22A24D6D300F0AF8F /* KiemtraUITests */ = {
			isa = PBXNativeTarget;
			buildConfigurationList = 26F99AC32A24D6D300F0AF8F /* Build configuration list for PBXNativeTarget "KiemtraUITests" */;
			buildPhases = (
				26F99AAF2A24D6D300F0AF8F /* Sources */,
				26F99AB02A24D6D300F0AF8F /* Frameworks */,
				26F99AB12A24D6D300F0AF8F /* Resources */,
			);
			buildRules = (
			);
			dependencies = (
				26F99AB52A24D6D300F0AF8F /* PBXTargetDependency */,
			);
			name = KiemtraUITests;
			productName = KiemtraUITests;
			productReference = 26F99AB32A24D6D300F0AF8F /* KiemtraUITests.xctest */;
			productType = "com.apple.product-type.bundle.ui-testing";
		};
/* End PBXNativeTarget section */

/* Begin PBXProject section */
		26F99A8B2A24D6D100F0AF8F /* Project object */ = {
			isa = PBXProject;
			attributes = {
				BuildIndependentTargetsInParallel = 1;
				LastSwiftUpdateCheck = 1430;
				LastUpgradeCheck = 1430;
				TargetAttributes = {
					26F99A922A24D6D100F0AF8F = {
						CreatedOnToolsVersion = 14.3;
					};
					26F99AA82A24D6D300F0AF8F = {
						CreatedOnToolsVersion = 14.3;
						TestTargetID = 26F99A922A24D6D100F0AF8F;
					};
					26F99AB22A24D6D300F0AF8F = {
						CreatedOnToolsVersion = 14.3;
						TestTargetID = 26F99A922A24D6D100F0AF8F;
					};
				};
			};
			buildConfigurationList = 26F99A8E2A24D6D100F0AF8F /* Build configuration list for PBXProject "Kiemtra" */;
			compatibilityVersion = "Xcode 14.0";
			developmentRegion = en;
			hasScannedForEncodings = 0;
			knownRegions = (
				en,
				Base,
			);
			mainGroup = 26F99A8A2A24D6D100F0AF8F;
			productRefGroup = 26F99A942A24D6D100F0AF8F /* Products */;
			projectDirPath = "";
			projectRoot = "";
			targets = (
				26F99A922A24D6D100F0AF8F /* Kiemtra */,
				26F99AA82A24D6D300F0AF8F /* KiemtraTests */,
				26F99AB22A24D6D300F0AF8F /* KiemtraUITests */,
			);
		};
/* End PBXProject section */

/* Begin PBXResourcesBuildPhase section */
		26F99A912A24D6D100F0AF8F /* Resources */ = {
			isa = PBXResourcesBuildPhase;
			buildActionMask = 2147483647;
			files = (
				26F99AA32A24D6D200F0AF8F /* LaunchScreen.storyboard in Resources */,
				26F99AA02A24D6D200F0AF8F /* Assets.xcassets in Resources */,
				26F99A9E2A24D6D100F0AF8F /* Main.storyboard in Resources */,
			);
			runOnlyForDeploymentPostprocessing = 0;
		};
		26F99AA72A24D6D300F0AF8F /* Resources */ = {
			isa = PBXResourcesBuildPhase;
			buildActionMask = 2147483647;
			files = (
			);
			runOnlyForDeploymentPostprocessing = 0;
		};
		26F99AB12A24D6D300F0AF8F /* Resources */ = {
			isa = PBXResourcesBuildPhase;
			buildActionMask = 2147483647;
			files = (
			);
			runOnlyForDeploymentPostprocessing = 0;
		};
/* End PBXResourcesBuildPhase section */

/* Begin PBXSourcesBuildPhase section */
		26F99A8F2A24D6D100F0AF8F /* Sources */ = {
			isa = PBXSourcesBuildPhase;
			buildActionMask = 2147483647;
			files = (
				26F99AC72A24E18E00F0AF8F /* KeoBuaBaoViewController.swift in Sources */,
				26F99A9B2A24D6D100F0AF8F /* ViewController.swift in Sources */,
				26F99A972A24D6D100F0AF8F /* AppDelegate.swift in Sources */,
				26F99A992A24D6D100F0AF8F /* SceneDelegate.swift in Sources */,
			);
			runOnlyForDeploymentPostprocessing = 0;
		};
		26F99AA52A24D6D300F0AF8F /* Sources */ = {
			isa = PBXSourcesBuildPhase;
			buildActionMask = 2147483647;
			files = (
				26F99AAE2A24D6D300F0AF8F /* KiemtraTests.swift in Sources */,
			);
			runOnlyForDeploymentPostprocessing = 0;
		};
		26F99AAF2A24D6D300F0AF8F /* Sources */ = {
			isa = PBXSourcesBuildPhase;
			buildActionMask = 2147483647;
			files = (
				26F99ABA2A24D6D300F0AF8F /* KiemtraUITestsLaunchTests.swift in Sources */,
				26F99AB82A24D6D300F0AF8F /* KiemtraUITests.swift in Sources */,
			);
			runOnlyForDeploymentPostprocessing = 0;
		};
/* End PBXSourcesBuildPhase section */

/* Begin PBXTargetDependency section */
		26F99AAB2A24D6D300F0AF8F /* PBXTargetDependency */ = {
			isa = PBXTargetDependency;
			target = 26F99A922A24D6D100F0AF8F /* Kiemtra */;
			targetProxy = 26F99AAA2A24D6D300F0AF8F /* PBXContainerItemProxy */;
		};
		26F99AB52A24D6D300F0AF8F /* PBXTargetDependency */ = {
			isa = PBXTargetDependency;
			target = 26F99A922A24D6D100F0AF8F /* Kiemtra */;
			targetProxy = 26F99AB42A24D6D300F0AF8F /* PBXContainerItemProxy */;
		};
/* End PBXTargetDependency section */

/* Begin PBXVariantGroup section */
		26F99A9C2A24D6D100F0AF8F /* Main.storyboard */ = {
			isa = PBXVariantGroup;
			children = (
				26F99A9D2A24D6D100F0AF8F /* Base */,
			);
			name = Main.storyboard;
			sourceTree = "<group>";
		};
		26F99AA12A24D6D200F0AF8F /* LaunchScreen.storyboard */ = {
			isa = PBXVariantGroup;
			children = (
				26F99AA22A24D6D200F0AF8F /* Base */,
			);
			name = LaunchScreen.storyboard;
			sourceTree = "<group>";
		};
/* End PBXVariantGroup section */

/* Begin XCBuildConfiguration section */
		26F99ABB2A24D6D300F0AF8F /* Debug */ = {
			isa = XCBuildConfiguration;
			buildSettings = {
				ALWAYS_SEARCH_USER_PATHS = NO;
				CLANG_ANALYZER_NONNULL = YES;
				CLANG_ANALYZER_NUMBER_OBJECT_CONVERSION = YES_AGGRESSIVE;
				CLANG_CXX_LANGUAGE_STANDARD = "gnu++20";
				CLANG_ENABLE_MODULES = YES;
				CLANG_ENABLE_OBJC_ARC = YES;
				CLANG_ENABLE_OBJC_WEAK = YES;
				CLANG_WARN_BLOCK_CAPTURE_AUTORELEASING = YES;
				CLANG_WARN_BOOL_CONVERSION = YES;
				CLANG_WARN_COMMA = YES;
				CLANG_WARN_CONSTANT_CONVERSION = YES;
				CLANG_WARN_DEPRECATED_OBJC_IMPLEMENTATIONS = YES;
				CLANG_WARN_DIRECT_OBJC_ISA_USAGE = YES_ERROR;
				CLANG_WARN_DOCUMENTATION_COMMENTS = YES;
				CLANG_WARN_EMPTY_BODY = YES;
				CLANG_WARN_ENUM_CONVERSION = YES;
				CLANG_WARN_INFINITE_RECURSION = YES;
				CLANG_WARN_INT_CONVERSION = YES;
				CLANG_WARN_NON_LITERAL_NULL_CONVERSION = YES;
				CLANG_WARN_OBJC_IMPLICIT_RETAIN_SELF = YES;
				CLANG_WARN_OBJC_LITERAL_CONVERSION = YES;
				CLANG_WARN_OBJC_ROOT_CLASS = YES_ERROR;
				CLANG_WARN_QUOTED_INCLUDE_IN_FRAMEWORK_HEADER = YES;
				CLANG_WARN_RANGE_LOOP_ANALYSIS = YES;
				CLANG_WARN_STRICT_PROTOTYPES = YES;
				CLANG_WARN_SUSPICIOUS_MOVE = YES;
				CLANG_WARN_UNGUARDED_AVAILABILITY = YES_AGGRESSIVE;
				CLANG_WARN_UNREACHABLE_CODE = YES;
				CLANG_WARN__DUPLICATE_METHOD_MATCH = YES;
				COPY_PHASE_STRIP = NO;
				DEBUG_INFORMATION_FORMAT = dwarf;
				ENABLE_STRICT_OBJC_MSGSEND = YES;
				ENABLE_TESTABILITY = YES;
				GCC_C_LANGUAGE_STANDARD = gnu11;
				GCC_DYNAMIC_NO_PIC = NO;
				GCC_NO_COMMON_BLOCKS = YES;
				GCC_OPTIMIZATION_LEVEL = 0;
				GCC_PREPROCESSOR_DEFINITIONS = (
					"DEBUG=1",
					"$(inherited)",
				);
				GCC_WARN_64_TO_32_BIT_CONVERSION = YES;
				GCC_WARN_ABOUT_RETURN_TYPE = YES_ERROR;
				GCC_WARN_UNDECLARED_SELECTOR = YES;
				GCC_WARN_UNINITIALIZED_AUTOS = YES_AGGRESSIVE;
				GCC_WARN_UNUSED_FUNCTION = YES;
				GCC_WARN_UNUSED_VARIABLE = YES;
				IPHONEOS_DEPLOYMENT_TARGET = 16.4;
				MTL_ENABLE_DEBUG_INFO = INCLUDE_SOURCE;
				MTL_FAST_MATH = YES;
				ONLY_ACTIVE_ARCH = YES;
				SDKROOT = iphoneos;
				SWIFT_ACTIVE_COMPILATION_CONDITIONS = DEBUG;
				SWIFT_OPTIMIZATION_LEVEL = "-Onone";
			};
			name = Debug;
		};
		26F99ABC2A24D6D300F0AF8F /* Release */ = {
			isa = XCBuildConfiguration;
			buildSettings = {
				ALWAYS_SEARCH_USER_PATHS = NO;
				CLANG_ANALYZER_NONNULL = YES;
				CLANG_ANALYZER_NUMBER_OBJECT_CONVERSION = YES_AGGRESSIVE;
				CLANG_CXX_LANGUAGE_STANDARD = "gnu++20";
				CLANG_ENABLE_MODULES = YES;
				CLANG_ENABLE_OBJC_ARC = YES;
				CLANG_ENABLE_OBJC_WEAK = YES;
				CLANG_WARN_BLOCK_CAPTURE_AUTORELEASING = YES;
				CLANG_WARN_BOOL_CONVERSION = YES;
				CLANG_WARN_COMMA = YES;
				CLANG_WARN_CONSTANT_CONVERSION = YES;
				CLANG_WARN_DEPRECATED_OBJC_IMPLEMENTATIONS = YES;
				CLANG_WARN_DIRECT_OBJC_ISA_USAGE = YES_ERROR;
				CLANG_WARN_DOCUMENTATION_COMMENTS = YES;
				CLANG_WARN_EMPTY_BODY = YES;
				CLANG_WARN_ENUM_CONVERSION = YES;
				CLANG_WARN_INFINITE_RECURSION = YES;
				CLANG_WARN_INT_CONVERSION = YES;
				CLANG_WARN_NON_LITERAL_NULL_CONVERSION = YES;
				CLANG_WARN_OBJC_IMPLICIT_RETAIN_SELF = YES;
				CLANG_WARN_OBJC_LITERAL_CONVERSION = YES;
				CLANG_WARN_OBJC_ROOT_CLASS = YES_ERROR;
				CLANG_WARN_QUOTED_INCLUDE_IN_FRAMEWORK_HEADER = YES;
				CLANG_WARN_RANGE_LOOP_ANALYSIS = YES;
				CLANG_WARN_STRICT_PROTOTYPES = YES;
				CLANG_WARN_SUSPICIOUS_MOVE = YES;
				CLANG_WARN_UNGUARDED_AVAILABILITY = YES_AGGRESSIVE;
				CLANG_WARN_UNREACHABLE_CODE = YES;
				CLANG_WARN__DUPLICATE_METHOD_MATCH = YES;
				COPY_PHASE_STRIP = NO;
				DEBUG_INFORMATION_FORMAT = "dwarf-with-dsym";
				ENABLE_NS_ASSERTIONS = NO;
				ENABLE_STRICT_OBJC_MSGSEND = YES;
				GCC_C_LANGUAGE_STANDARD = gnu11;
				GCC_NO_COMMON_BLOCKS = YES;
				GCC_WARN_64_TO_32_BIT_CONVERSION = YES;
				GCC_WARN_ABOUT_RETURN_TYPE = YES_ERROR;
				GCC_WARN_UNDECLARED_SELECTOR = YES;
				GCC_WARN_UNINITIALIZED_AUTOS = YES_AGGRESSIVE;
				GCC_WARN_UNUSED_FUNCTION = YES;
				GCC_WARN_UNUSED_VARIABLE = YES;
				IPHONEOS_DEPLOYMENT_TARGET = 16.4;
				MTL_ENABLE_DEBUG_INFO = NO;
				MTL_FAST_MATH = YES;
				SDKROOT = iphoneos;
				SWIFT_COMPILATION_MODE = wholemodule;
				SWIFT_OPTIMIZATION_LEVEL = "-O";
				VALIDATE_PRODUCT = YES;
			};
			name = Release;
		};
		26F99ABE2A24D6D300F0AF8F /* Debug */ = {
			isa = XCBuildConfiguration;
			buildSettings = {
				ASSETCATALOG_COMPILER_APPICON_NAME = AppIcon;
				ASSETCATALOG_COMPILER_GLOBAL_ACCENT_COLOR_NAME = AccentColor;
				CODE_SIGN_STYLE = Automatic;
				CURRENT_PROJECT_VERSION = 1;
				GENERATE_INFOPLIST_FILE = YES;
				INFOPLIST_FILE = Kiemtra/Info.plist;
				INFOPLIST_KEY_UIApplicationSupportsIndirectInputEvents = YES;
				INFOPLIST_KEY_UILaunchStoryboardName = LaunchScreen;
				INFOPLIST_KEY_UIMainStoryboardFile = Main;
				INFOPLIST_KEY_UISupportedInterfaceOrientations_iPad = "UIInterfaceOrientationPortrait UIInterfaceOrientationPortraitUpsideDown UIInterfaceOrientationLandscapeLeft UIInterfaceOrientationLandscapeRight";
				INFOPLIST_KEY_UISupportedInterfaceOrientations_iPhone = "UIInterfaceOrientationPortrait UIInterfaceOrientationLandscapeLeft UIInterfaceOrientationLandscapeRight";
				LD_RUNPATH_SEARCH_PATHS = (
					"$(inherited)",
					"@executable_path/Frameworks",
				);
				MARKETING_VERSION = 1.0;
				PRODUCT_BUNDLE_IDENTIFIER = Truongduytan.Kiemtra;
				PRODUCT_NAME = "$(TARGET_NAME)";
				SWIFT_EMIT_LOC_STRINGS = YES;
				SWIFT_VERSION = 5.0;
				TARGETED_DEVICE_FAMILY = "1,2";
			};
			name = Debug;
		};
		26F99ABF2A24D6D300F0AF8F /* Release */ = {
			isa = XCBuildConfiguration;
			buildSettings = {
				ASSETCATALOG_COMPILER_APPICON_NAME = AppIcon;
				ASSETCATALOG_COMPILER_GLOBAL_ACCENT_COLOR_NAME = AccentColor;
				CODE_SIGN_STYLE = Automatic;
				CURRENT_PROJECT_VERSION = 1;
				GENERATE_INFOPLIST_FILE = YES;
				INFOPLIST_FILE = Kiemtra/Info.plist;
				INFOPLIST_KEY_UIApplicationSupportsIndirectInputEvents = YES;
				INFOPLIST_KEY_UILaunchStoryboardName = LaunchScreen;
				INFOPLIST_KEY_UIMainStoryboardFile = Main;
				INFOPLIST_KEY_UISupportedInterfaceOrientations_iPad = "UIInterfaceOrientationPortrait UIInterfaceOrientationPortraitUpsideDown UIInterfaceOrientationLandscapeLeft UIInterfaceOrientationLandscapeRight";
				INFOPLIST_KEY_UISupportedInterfaceOrientations_iPhone = "UIInterfaceOrientationPortrait UIInterfaceOrientationLandscapeLeft UIInterfaceOrientationLandscapeRight";
				LD_RUNPATH_SEARCH_PATHS = (
					"$(inherited)",
					"@executable_path/Frameworks",
				);
				MARKETING_VERSION = 1.0;
				PRODUCT_BUNDLE_IDENTIFIER = Truongduytan.Kiemtra;
				PRODUCT_NAME = "$(TARGET_NAME)";
				SWIFT_EMIT_LOC_STRINGS = YES;
				SWIFT_VERSION = 5.0;
				TARGETED_DEVICE_FAMILY = "1,2";
			};
			name = Release;
		};
		26F99AC12A24D6D300F0AF8F /* Debug */ = {
			isa = XCBuildConfiguration;
			buildSettings = {
				ALWAYS_EMBED_SWIFT_STANDARD_LIBRARIES = YES;
				BUNDLE_LOADER = "$(TEST_HOST)";
				CODE_SIGN_STYLE = Automatic;
				CURRENT_PROJECT_VERSION = 1;
				GENERATE_INFOPLIST_FILE = YES;
				IPHONEOS_DEPLOYMENT_TARGET = 16.4;
				MARKETING_VERSION = 1.0;
				PRODUCT_BUNDLE_IDENTIFIER = Truongduytan.KiemtraTests;
				PRODUCT_NAME = "$(TARGET_NAME)";
				SWIFT_EMIT_LOC_STRINGS = NO;
				SWIFT_VERSION = 5.0;
				TARGETED_DEVICE_FAMILY = "1,2";
				TEST_HOST = "$(BUILT_PRODUCTS_DIR)/Kiemtra.app/$(BUNDLE_EXECUTABLE_FOLDER_PATH)/Kiemtra";
			};
			name = Debug;
		};
		26F99AC22A24D6D300F0AF8F /* Release */ = {
			isa = XCBuildConfiguration;
			buildSettings = {
				ALWAYS_EMBED_SWIFT_STANDARD_LIBRARIES = YES;
				BUNDLE_LOADER = "$(TEST_HOST)";
				CODE_SIGN_STYLE = Automatic;
				CURRENT_PROJECT_VERSION = 1;
				GENERATE_INFOPLIST_FILE = YES;
				IPHONEOS_DEPLOYMENT_TARGET = 16.4;
				MARKETING_VERSION = 1.0;
				PRODUCT_BUNDLE_IDENTIFIER = Truongduytan.KiemtraTests;
				PRODUCT_NAME = "$(TARGET_NAME)";
				SWIFT_EMIT_LOC_STRINGS = NO;
				SWIFT_VERSION = 5.0;
				TARGETED_DEVICE_FAMILY = "1,2";
				TEST_HOST = "$(BUILT_PRODUCTS_DIR)/Kiemtra.app/$(BUNDLE_EXECUTABLE_FOLDER_PATH)/Kiemtra";
			};
			name = Release;
		};
		26F99AC42A24D6D300F0AF8F /* Debug */ = {
			isa = XCBuildConfiguration;
			buildSettings = {
				ALWAYS_EMBED_SWIFT_STANDARD_LIBRARIES = YES;
				CODE_SIGN_STYLE = Automatic;
				CURRENT_PROJECT_VERSION = 1;
				GENERATE_INFOPLIST_FILE = YES;
				MARKETING_VERSION = 1.0;
				PRODUCT_BUNDLE_IDENTIFIER = Truongduytan.KiemtraUITests;
				PRODUCT_NAME = "$(TARGET_NAME)";
				SWIFT_EMIT_LOC_STRINGS = NO;
				SWIFT_VERSION = 5.0;
				TARGETED_DEVICE_FAMILY = "1,2";
				TEST_TARGET_NAME = Kiemtra;
			};
			name = Debug;
		};
		26F99AC52A24D6D300F0AF8F /* Release */ = {
			isa = XCBuildConfiguration;
			buildSettings = {
				ALWAYS_EMBED_SWIFT_STANDARD_LIBRARIES = YES;
				CODE_SIGN_STYLE = Automatic;
				CURRENT_PROJECT_VERSION = 1;
				GENERATE_INFOPLIST_FILE = YES;
				MARKETING_VERSION = 1.0;
				PRODUCT_BUNDLE_IDENTIFIER = Truongduytan.KiemtraUITests;
				PRODUCT_NAME = "$(TARGET_NAME)";
				SWIFT_EMIT_LOC_STRINGS = NO;
				SWIFT_VERSION = 5.0;
				TARGETED_DEVICE_FAMILY = "1,2";
				TEST_TARGET_NAME = Kiemtra;
			};
			name = Release;
		};
/* End XCBuildConfiguration section */

/* Begin XCConfigurationList section */
		26F99A8E2A24D6D100F0AF8F /* Build configuration list for PBXProject "Kiemtra" */ = {
			isa = XCConfigurationList;
			buildConfigurations = (
				26F99ABB2A24D6D300F0AF8F /* Debug */,
				26F99ABC2A24D6D300F0AF8F /* Release */,
			);
			defaultConfigurationIsVisible = 0;
			defaultConfigurationName = Release;
		};
		26F99ABD2A24D6D300F0AF8F /* Build configuration list for PBXNativeTarget "Kiemtra" */ = {
			isa = XCConfigurationList;
			buildConfigurations = (
				26F99ABE2A24D6D300F0AF8F /* Debug */,
				26F99ABF2A24D6D300F0AF8F /* Release */,
			);
			defaultConfigurationIsVisible = 0;
			defaultConfigurationName = Release;
		};
		26F99AC02A24D6D300F0AF8F /* Build configuration list for PBXNativeTarget "KiemtraTests" */ = {
			isa = XCConfigurationList;
			buildConfigurations = (
				26F99AC12A24D6D300F0AF8F /* Debug */,
				26F99AC22A24D6D300F0AF8F /* Release */,
			);
			defaultConfigurationIsVisible = 0;
			defaultConfigurationName = Release;
		};
		26F99AC32A24D6D300F0AF8F /* Build configuration list for PBXNativeTarget "KiemtraUITests" */ = {
			isa = XCConfigurationList;
			buildConfigurations = (
				26F99AC42A24D6D300F0AF8F /* Debug */,
				26F99AC52A24D6D300F0AF8F /* Release */,
			);
			defaultConfigurationIsVisible = 0;
			defaultConfigurationName = Release;
		};
/* End XCConfigurationList section */
	};
	rootObject = 26F99A8B2A24D6D100F0AF8F /* Project object */;
}
